{
   "name": "graphviz",
   "version": "0.0.9",
   "lockfileVersion": 1,
   "requires": true,
   "dependencies": {
      "isexe": {
         "version": "2.0.0",
         "resolved": "https://registry.npmjs.org/isexe/-/isexe-2.0.0.tgz",
         "integrity": "sha1-6PvzdNxVb/iUehDcsFctYz8s+hA="
      },
      "temp": {
         "version": "0.4.0",
         "resolved": "https://registry.npmjs.org/temp/-/temp-0.4.0.tgz",
         "integrity": "sha1-ZxrWPVe+D+nXKUZks/xABjZnimA="
      },
      "which": {
         "version": "1.3.1",
         "resolved": "https://registry.npmjs.org/which/-/which-1.3.1.tgz",
         "integrity": "sha512-HxJdYWq1MTIQbJ3nw0cqssHoTNU267KlrDuGZ1WYlxDStUtKUhOaJmh112/TZmHxxUfuJqPXSOm7tDyas0OSIQ==",
         "requires": {
            "isexe": "^2.0.0"
         }
      }
   }
}
